{
  "name": "chess-console",
  "version": "5.1.1",
  "lockfileVersion": 2,
  "requires": true,
  "packages": {
    "": {
      "name": "chess-console",
      "version": "5.1.1",
      "hasInstallScript": true,
      "license": "MIT",
      "dependencies": {
        "bootstrap": "^5.2.0",
        "bootstrap-show-modal": "^5.0.2",
        "chess.mjs": "^1.2.0",
        "cm-chess": "^2.3.4",
        "cm-chessboard": "^5.2.3",
        "cm-pgn": "^2.1.9",
        "cm-web-modules": "^1.18.5",
        "modlib": "^1.2.10"
      }
    },
    "node_modules/@popperjs/core": {
      "version": "2.11.5",
      "resolved": "https://registry.npmjs.org/@popperjs/core/-/core-2.11.5.tgz",
      "integrity": "sha512-9X2obfABZuDVLCgPK9aX0a/x4jaOEweTTWE2+9sr0Qqqevj2Uv5XorvusThmc9XGYpS9yI+fhh8RTafBtGposw==",
      "peer": true,
      "funding": {
        "type": "opencollective",
        "url": "https://opencollective.com/popperjs"
      }
    },
    "node_modules/bootstrap": {
      "version": "5.2.0",
      "resolved": "https://registry.npmjs.org/bootstrap/-/bootstrap-5.2.0.tgz",
      "integrity": "sha512-qlnS9GL6YZE6Wnef46GxGv1UpGGzAwO0aPL1yOjzDIJpeApeMvqV24iL+pjr2kU4dduoBA9fINKWKgMToobx9A==",
      "funding": [
        {
          "type": "github",
          "url": "https://github.com/sponsors/twbs"
        },
        {
          "type": "opencollective",
          "url": "https://opencollective.com/bootstrap"
        }
      ],
      "peerDependencies": {
        "@popperjs/core": "^2.11.5"
      }
    },
    "node_modules/bootstrap-show-modal": {
      "version": "5.0.2",
      "resolved": "https://registry.npmjs.org/bootstrap-show-modal/-/bootstrap-show-modal-5.0.2.tgz",
      "integrity": "sha512-KHvwKcIdAd4uW8boQ/qwoikbB+FDOzZUA2wAsTsJbqYMxOHhjNG6R02o9ttBKJxWxV52ycAPMdz18r00Z/+Umg=="
    },
    "node_modules/chess.mjs": {
      "version": "1.2.0",
      "resolved": "https://registry.npmjs.org/chess.mjs/-/chess.mjs-1.2.0.tgz",
      "integrity": "sha512-6WLXJ0RHJSn/VjCVAOE6N8mTNXChjrN+xOTOKnpF+v94eCULyRd5KfRNLvxxmxKKxCkck9VsquPirLT0nxH4og=="
    },
    "node_modules/cm-chess": {
      "version": "2.3.4",
      "resolved": "https://registry.npmjs.org/cm-chess/-/cm-chess-2.3.4.tgz",
      "integrity": "sha512-IfmNzueErZBMwBTsypm6lptm0wJEatx0/7pcmktfzBBl3NffDIzg5Kglg5vmnNk9DNSnlujw3Dh02DWAEVl00A==",
      "hasInstallScript": true,
      "dependencies": {
        "chess.mjs": "^1.2.0",
        "cm-pgn": "^2.1.9",
        "modrator": "^1.2.1"
      }
    },
    "node_modules/cm-chessboard": {
      "version": "5.2.3",
      "resolved": "https://registry.npmjs.org/cm-chessboard/-/cm-chessboard-5.2.3.tgz",
      "integrity": "sha512-gSuDgdIiRPWJmClnpuK4rF2R9NF7zCfUrlq2imLnxj6qlR7kuo12qcKXi0XBqET83KBI6zrKQt9bP+WE6WTrFQ=="
    },
    "node_modules/cm-pgn": {
      "version": "2.1.9",
      "resolved": "https://registry.npmjs.org/cm-pgn/-/cm-pgn-2.1.9.tgz",
      "integrity": "sha512-rB7AF6c9hLPm4pdalmXdmrNY4Q7dd7V9wQd8H4afDOE72bYGauD26VUU7/7RiSm+Tq0yAyA4bvWpf7sFF3/7cA==",
      "hasInstallScript": true,
      "dependencies": {
        "chess.mjs": "^1.2.0",
        "modrator": "^1.2.0"
      }
    },
    "node_modules/cm-web-modules": {
      "version": "1.18.5",
      "resolved": "https://registry.npmjs.org/cm-web-modules/-/cm-web-modules-1.18.5.tgz",
      "integrity": "sha512-8d6LGtsVFrlocad3T3UU6GPbqE2FjAaqA0U8SF3H7p4lcCLyzqY5807Jm7pYCuVwgSBv1pLNIe2PFVnxsZcykA=="
    },
    "node_modules/modlib": {
      "version": "1.2.10",
      "resolved": "https://registry.npmjs.org/modlib/-/modlib-1.2.10.tgz",
      "integrity": "sha512-aaT9AYNH9cEX3NhEmLAsaogOpYQVRqIYxnMS+9r+XN1MDxprCD+ToLSAWfNhcpuY0J69KU/Rz5N16ATJ2Z/TVA=="
    },
    "node_modules/modrator": {
      "version": "1.2.1",
      "resolved": "https://registry.npmjs.org/modrator/-/modrator-1.2.1.tgz",
      "integrity": "sha512-c9Fmc6jYd0oD7xVmVQW3z/K26t/PY3nmaSjYJ4K3l+4o5dzfm0IfDqsCz7evEex70wbz/oj5AINYLI6ufFpFWQ=="
    }
  },
  "dependencies": {
    "@popperjs/core": {
      "version": "2.11.5",
      "resolved": "https://registry.npmjs.org/@popperjs/core/-/core-2.11.5.tgz",
      "integrity": "sha512-9X2obfABZuDVLCgPK9aX0a/x4jaOEweTTWE2+9sr0Qqqevj2Uv5XorvusThmc9XGYpS9yI+fhh8RTafBtGposw==",
      "peer": true
    },
    "bootstrap": {
      "version": "5.2.0",
      "resolved": "https://registry.npmjs.org/bootstrap/-/bootstrap-5.2.0.tgz",
      "integrity": "sha512-qlnS9GL6YZE6Wnef46GxGv1UpGGzAwO0aPL1yOjzDIJpeApeMvqV24iL+pjr2kU4dduoBA9fINKWKgMToobx9A==",
      "requires": {}
    },
    "bootstrap-show-modal": {
      "version": "5.0.2",
      "resolved": "https://registry.npmjs.org/bootstrap-show-modal/-/bootstrap-show-modal-5.0.2.tgz",
      "integrity": "sha512-KHvwKcIdAd4uW8boQ/qwoikbB+FDOzZUA2wAsTsJbqYMxOHhjNG6R02o9ttBKJxWxV52ycAPMdz18r00Z/+Umg=="
    },
    "chess.mjs": {
      "version": "1.2.0",
      "resolved": "https://registry.npmjs.org/chess.mjs/-/chess.mjs-1.2.0.tgz",
      "integrity": "sha512-6WLXJ0RHJSn/VjCVAOE6N8mTNXChjrN+xOTOKnpF+v94eCULyRd5KfRNLvxxmxKKxCkck9VsquPirLT0nxH4og=="
    },
    "cm-chess": {
      "version": "2.3.4",
      "resolved": "https://registry.npmjs.org/cm-chess/-/cm-chess-2.3.4.tgz",
      "integrity": "sha512-IfmNzueErZBMwBTsypm6lptm0wJEatx0/7pcmktfzBBl3NffDIzg5Kglg5vmnNk9DNSnlujw3Dh02DWAEVl00A==",
      "requires": {
        "chess.mjs": "^1.2.0",
        "cm-pgn": "^2.1.9",
        "modrator": "^1.2.1"
      }
    },
    "cm-chessboard": {
      "version": "5.2.3",
      "resolved": "https://registry.npmjs.org/cm-chessboard/-/cm-chessboard-5.2.3.tgz",
      "integrity": "sha512-gSuDgdIiRPWJmClnpuK4rF2R9NF7zCfUrlq2imLnxj6qlR7kuo12qcKXi0XBqET83KBI6zrKQt9bP+WE6WTrFQ=="
    },
    "cm-pgn": {
      "version": "2.1.9",
      "resolved": "https://registry.npmjs.org/cm-pgn/-/cm-pgn-2.1.9.tgz",
      "integrity": "sha512-rB7AF6c9hLPm4pdalmXdmrNY4Q7dd7V9wQd8H4afDOE72bYGauD26VUU7/7RiSm+Tq0yAyA4bvWpf7sFF3/7cA==",
      "requires": {
        "chess.mjs": "^1.2.0",
        "modrator": "^1.2.0"
      }
    },
    "cm-web-modules": {
      "version": "1.18.5",
      "resolved": "https://registry.npmjs.org/cm-web-modules/-/cm-web-modules-1.18.5.tgz",
      "integrity": "sha512-8d6LGtsVFrlocad3T3UU6GPbqE2FjAaqA0U8SF3H7p4lcCLyzqY5807Jm7pYCuVwgSBv1pLNIe2PFVnxsZcykA=="
    },
    "modlib": {
      "version": "1.2.10",
      "resolved": "https://registry.npmjs.org/modlib/-/modlib-1.2.10.tgz",
      "integrity": "sha512-aaT9AYNH9cEX3NhEmLAsaogOpYQVRqIYxnMS+9r+XN1MDxprCD+ToLSAWfNhcpuY0J69KU/Rz5N16ATJ2Z/TVA=="
    },
    "modrator": {
      "version": "1.2.1",
      "resolved": "https://registry.npmjs.org/modrator/-/modrator-1.2.1.tgz",
      "integrity": "sha512-c9Fmc6jYd0oD7xVmVQW3z/K26t/PY3nmaSjYJ4K3l+4o5dzfm0IfDqsCz7evEex70wbz/oj5AINYLI6ufFpFWQ=="
    }
  }
}
