{
  "name": "chess-console",
  "version": "6.2.2",
  "lockfileVersion": 2,
  "requires": true,
  "packages": {
    "": {
      "name": "chess-console",
      "version": "6.2.2",
      "hasInstallScript": true,
      "license": "MIT",
      "dependencies": {
        "bootstrap-show-modal": "^5.0.2",
        "chess.mjs": "^1.3.1",
        "cm-chess": "^2.4.4",
        "cm-chessboard": "^7.3.5",
        "cm-pgn": "^2.2.2",
        "cm-web-modules": "^1.19.0",
        "modlib": "^1.2.12"
      }
    },
    "node_modules/bootstrap-show-modal": {
      "version": "5.0.2",
      "resolved": "https://registry.npmjs.org/bootstrap-show-modal/-/bootstrap-show-modal-5.0.2.tgz",
      "integrity": "sha512-KHvwKcIdAd4uW8boQ/qwoikbB+FDOzZUA2wAsTsJbqYMxOHhjNG6R02o9ttBKJxWxV52ycAPMdz18r00Z/+Umg=="
    },
    "node_modules/chess.mjs": {
      "version": "1.3.1",
      "resolved": "https://registry.npmjs.org/chess.mjs/-/chess.mjs-1.3.1.tgz",
      "integrity": "sha512-ugoGp7q/yuxoXk/1wziADHClbnKC4yEFWDLPDZ/9sNh8M75ClYcO9TnFSsnHC0j5xu8h4xE+gWTzK9UMlzld7Q=="
    },
    "node_modules/cm-chess": {
      "version": "2.4.4",
      "resolved": "https://registry.npmjs.org/cm-chess/-/cm-chess-2.4.4.tgz",
      "integrity": "sha512-rwQ3cEURbNxHWbUuaZa//B+8lKO7xGJkkVapAk1UI6VK1XRUMTXKdsQ/vR2CVjtMMGBs+6PokZhkQFjrvQYitg==",
      "hasInstallScript": true,
      "dependencies": {
        "chess.mjs": "^1.3.1",
        "cm-pgn": "^2.2.2",
        "modlib": "^1.2.12"
      }
    },
    "node_modules/cm-chessboard": {
      "version": "7.3.5",
      "resolved": "https://registry.npmjs.org/cm-chessboard/-/cm-chessboard-7.3.5.tgz",
      "integrity": "sha512-JAhSeiXXFN2rMuNbFA36Gftf09RpeHIMrO0/shIYR9mcb14ZnVkQQ5CS5RP5xVKq/FZU6ViZkOwe0dsmX56V0A=="
    },
    "node_modules/cm-pgn": {
      "version": "2.2.2",
      "resolved": "https://registry.npmjs.org/cm-pgn/-/cm-pgn-2.2.2.tgz",
      "integrity": "sha512-6d1kx4d1Ka4bZcbTJio6SVCyOKTD3lo0X0T8umLCpqP+/sF5gRFZ5DcsxdonPeEdahlVRgdicc3dgQrAiPPqpw==",
      "hasInstallScript": true,
      "dependencies": {
        "chess.mjs": "^1.3.1",
        "modlib": "^1.2.12"
      }
    },
    "node_modules/cm-web-modules": {
      "version": "1.19.0",
      "resolved": "https://registry.npmjs.org/cm-web-modules/-/cm-web-modules-1.19.0.tgz",
      "integrity": "sha512-VxvkDF6JqRZO05DkCaZR+eYh45Afm667a6uikYGzqQFYd3DzczqK8mX6oVg7ap8+iuVD/Nem56bhLI+9KGJbDw=="
    },
    "node_modules/modlib": {
      "version": "1.2.12",
      "resolved": "https://registry.npmjs.org/modlib/-/modlib-1.2.12.tgz",
      "integrity": "sha512-ArLiDyJp++PnhYaFI639q5iJYPb2nyd89LR/v+bBarKpv2cyp8ExIeHMJnVLsaWAl4W9vKq2KFkF7b+CZkbcbA=="
    }
  },
  "dependencies": {
    "bootstrap-show-modal": {
      "version": "5.0.2",
      "resolved": "https://registry.npmjs.org/bootstrap-show-modal/-/bootstrap-show-modal-5.0.2.tgz",
      "integrity": "sha512-KHvwKcIdAd4uW8boQ/qwoikbB+FDOzZUA2wAsTsJbqYMxOHhjNG6R02o9ttBKJxWxV52ycAPMdz18r00Z/+Umg=="
    },
    "chess.mjs": {
      "version": "1.3.1",
      "resolved": "https://registry.npmjs.org/chess.mjs/-/chess.mjs-1.3.1.tgz",
      "integrity": "sha512-ugoGp7q/yuxoXk/1wziADHClbnKC4yEFWDLPDZ/9sNh8M75ClYcO9TnFSsnHC0j5xu8h4xE+gWTzK9UMlzld7Q=="
    },
    "cm-chess": {
      "version": "2.4.4",
      "resolved": "https://registry.npmjs.org/cm-chess/-/cm-chess-2.4.4.tgz",
      "integrity": "sha512-rwQ3cEURbNxHWbUuaZa//B+8lKO7xGJkkVapAk1UI6VK1XRUMTXKdsQ/vR2CVjtMMGBs+6PokZhkQFjrvQYitg==",
      "requires": {
        "chess.mjs": "^1.3.1",
        "cm-pgn": "^2.2.2",
        "modlib": "^1.2.12"
      }
    },
    "cm-chessboard": {
      "version": "7.3.5",
      "resolved": "https://registry.npmjs.org/cm-chessboard/-/cm-chessboard-7.3.5.tgz",
      "integrity": "sha512-JAhSeiXXFN2rMuNbFA36Gftf09RpeHIMrO0/shIYR9mcb14ZnVkQQ5CS5RP5xVKq/FZU6ViZkOwe0dsmX56V0A=="
    },
    "cm-pgn": {
      "version": "2.2.2",
      "resolved": "https://registry.npmjs.org/cm-pgn/-/cm-pgn-2.2.2.tgz",
      "integrity": "sha512-6d1kx4d1Ka4bZcbTJio6SVCyOKTD3lo0X0T8umLCpqP+/sF5gRFZ5DcsxdonPeEdahlVRgdicc3dgQrAiPPqpw==",
      "requires": {
        "chess.mjs": "^1.3.1",
        "modlib": "^1.2.12"
      }
    },
    "cm-web-modules": {
      "version": "1.19.0",
      "resolved": "https://registry.npmjs.org/cm-web-modules/-/cm-web-modules-1.19.0.tgz",
      "integrity": "sha512-VxvkDF6JqRZO05DkCaZR+eYh45Afm667a6uikYGzqQFYd3DzczqK8mX6oVg7ap8+iuVD/Nem56bhLI+9KGJbDw=="
    },
    "modlib": {
      "version": "1.2.12",
      "resolved": "https://registry.npmjs.org/modlib/-/modlib-1.2.12.tgz",
      "integrity": "sha512-ArLiDyJp++PnhYaFI639q5iJYPb2nyd89LR/v+bBarKpv2cyp8ExIeHMJnVLsaWAl4W9vKq2KFkF7b+CZkbcbA=="
    }
  }
}
